{
  "object": {
    "pins": [
      {
        "package": "Alamofire",
        "repositoryURL": "https://github.com/Alamofire/Alamofire",
        "state": {
          "branch": null,
          "revision": "f96b619bcb2383b43d898402283924b80e2c4bae",
          "version": "5.4.3"
        }
      },
      {
        "package": "Innernet",
        "repositoryURL": "https://github.com/aj-bartocci/innernet",
        "state": {
          "branch": null,
          "revision": "098a809e3ee340a5801cad5b38e2514a328d1b43",
          "version": "0.0.1"
        }
      },
      {
        "package": "InnernetBase",
        "repositoryURL": "https://github.com/aj-bartocci/innernet-base",
        "state": {
          "branch": null,
          "revision": "fdb48835762cc5bf71475b94dd1499b85bbdb972",
          "version": "0.0.1"
        }
      }
    ]
  },
  "version": 1
}
